
Microsoft Visual Studio Solution File, Format Version 12.00
# Visual Studio Version 16
VisualStudioVersion = 16.0.31019.35
MinimumVisualStudioVersion = 10.0.40219.1
Project("{FAE04EC0-301F-11D3-BF4B-00C04F79EFBC}") = "Assignment1TMoore", "Assignment1TMoore\Assignment1TMoore.csproj", "{21EEDB11-45A7-42F5-AA4E-67A131EB7680}"
EndProject
Global
	GlobalSection(SolutionConfigurationPlatforms) = preSolution
		Debug|Any CPU = Debug|Any CPU
		Release|Any CPU = Release|Any CPU
	EndGlobalSection
	GlobalSection(ProjectConfigurationPlatforms) = postSolution
		{21EEDB11-45A7-42F5-AA4E-67A131EB7680}.Debug|Any CPU.ActiveCfg = Debug|Any CPU
		{21EEDB11-45A7-42F5-AA4E-67A131EB7680}.Debug|Any CPU.Build.0 = Debug|Any CPU
		{21EEDB11-45A7-42F5-AA4E-67A131EB7680}.Release|Any CPU.ActiveCfg = Release|Any CPU
		{21EEDB11-45A7-42F5-AA4E-67A131EB7680}.Release|Any CPU.Build.0 = Release|Any CPU
	EndGlobalSection
	GlobalSection(SolutionProperties) = preSolution
		HideSolutionNode = FALSE
	EndGlobalSection
	GlobalSection(ExtensibilityGlobals) = postSolution
		SolutionGuid = {2741AACE-B319-47EC-8DD1-4FC2758C93E8}
	EndGlobalSection
EndGlobal
